
Microsoft Visual Studio Solution File, Format Version 12.00
# Visual Studio Version 17
VisualStudioVersion = 17.7.34031.279
MinimumVisualStudioVersion = 10.0.40219.1
Project("{FAE04EC0-301F-11D3-BF4B-00C04F79EFBC}") = "ejercicio6Registro", "ejercicio6Registro.csproj", "{A262CCE6-5524-4B22-B413-4ED6B4BBC32F}"
EndProject
Global
	GlobalSection(SolutionConfigurationPlatforms) = preSolution
		Debug|Any CPU = Debug|Any CPU
		Release|Any CPU = Release|Any CPU
	EndGlobalSection
	GlobalSection(ProjectConfigurationPlatforms) = postSolution
		{A262CCE6-5524-4B22-B413-4ED6B4BBC32F}.Debug|Any CPU.ActiveCfg = Debug|Any CPU
		{A262CCE6-5524-4B22-B413-4ED6B4BBC32F}.Debug|Any CPU.Build.0 = Debug|Any CPU
		{A262CCE6-5524-4B22-B413-4ED6B4BBC32F}.Release|Any CPU.ActiveCfg = Release|Any CPU
		{A262CCE6-5524-4B22-B413-4ED6B4BBC32F}.Release|Any CPU.Build.0 = Release|Any CPU
	EndGlobalSection
	GlobalSection(SolutionProperties) = preSolution
		HideSolutionNode = FALSE
	EndGlobalSection
	GlobalSection(ExtensibilityGlobals) = postSolution
		SolutionGuid = {C197DB3D-FAEE-46C4-A0CA-4F24644ABBE5}
	EndGlobalSection
EndGlobal
